{
    "version": 3,
    "terraform_version": "0.10.4",
    "serial": 15,
    "lineage": "e53f6d0d-e9da-4dca-9f94-7b2ce05d687b",
    "modules": [
        {
            "path": [
                "root"
            ],
            "outputs": {},
            "resources": {
                "aws_api_gateway_authorizer.demo_auth": {
                    "type": "aws_api_gateway_authorizer",
                    "depends_on": [
                        "aws_api_gateway_rest_api.banter_api",
                        "aws_iam_role.invocation_role"
                    ],
                    "primary": {
                        "id": "5h6re6",
                        "attributes": {
                            "authorizer_credentials": "arn:aws:iam::928275755985:role/api_gateway_auth_invocation",
                            "authorizer_result_ttl_in_seconds": "0",
                            "authorizer_uri": "arn:aws:apigateway:us-east-1:lambda:path/2015-03-31/functions/arn:aws:lambda:us-east-1:928275755985:function:cup_authorizer/invocations",
                            "id": "5h6re6",
                            "identity_source": "method.request.header.Authorization",
                            "identity_validation_expression": "",
                            "name": "demo_auth",
                            "rest_api_id": "bh6vcmt4ag",
                            "type": "TOKEN"
                        },
                        "meta": {},
                        "tainted": false
                    },
                    "deposed": [],
                    "provider": ""
                },
                "aws_api_gateway_integration.integration": {
                    "type": "aws_api_gateway_integration",
                    "depends_on": [
                        "aws_api_gateway_method.notes_post_method",
                        "aws_api_gateway_resource.notes_resource",
                        "aws_api_gateway_rest_api.banter_api",
                        "aws_lambda_function.get_note_lambda"
                    ],
                    "primary": {
                        "id": "agi-bh6vcmt4ag-ch4jbp-POST",
                        "attributes": {
                            "cache_key_parameters.#": "0",
                            "cache_namespace": "ch4jbp",
                            "http_method": "POST",
                            "id": "agi-bh6vcmt4ag-ch4jbp-POST",
                            "integration_http_method": "POST",
                            "passthrough_behavior": "WHEN_NO_MATCH",
                            "request_parameters.%": "0",
                            "request_templates.%": "1",
                            "request_templates.application/json": "{\n   \"body\" : #set($inputRoot = $input.path('$'))\n{\n\"operation\": \"create\",\n\"payload\": {\n    \"Item\" : \n    {\n        \"userid\" : \"$context.authorizer.principalId\",\n        \"noteid\" : \"$inputRoot.noteid\",\n        \"note\" : \"$inputRoot.note\"\n        }\n},\n\"tableName\" : \"Notes\"\n}\n}\n",
                            "resource_id": "ch4jbp",
                            "rest_api_id": "bh6vcmt4ag",
                            "type": "AWS",
                            "uri": "arn:aws:apigateway:us-east-1:lambda:path/2015-03-31/functions/arn:aws:lambda:us-east-1:928275755985:function:get_note_lambda_tf/invocations"
                        },
                        "meta": {},
                        "tainted": false
                    },
                    "deposed": [],
                    "provider": ""
                },
                "aws_api_gateway_integration_response.MyDemoIntegrationResponse": {
                    "type": "aws_api_gateway_integration_response",
                    "depends_on": [
                        "aws_api_gateway_method.notes_post_method",
                        "aws_api_gateway_method_response.200",
                        "aws_api_gateway_resource.notes_resource",
                        "aws_api_gateway_rest_api.banter_api"
                    ],
                    "primary": {
                        "id": "agir-bh6vcmt4ag-ch4jbp-POST-200",
                        "attributes": {
                            "http_method": "POST",
                            "id": "agir-bh6vcmt4ag-ch4jbp-POST-200",
                            "resource_id": "ch4jbp",
                            "response_parameters.%": "0",
                            "response_templates.%": "1",
                            "response_templates.application/json": "#set($inputRoot = $input.path('$'))\n{\n  \"message\" : \"Note created\"\n}\n",
                            "rest_api_id": "bh6vcmt4ag",
                            "selection_pattern": "",
                            "status_code": "200"
                        },
                        "meta": {},
                        "tainted": false
                    },
                    "deposed": [],
                    "provider": ""
                },
                "aws_api_gateway_method.notes_post_method": {
                    "type": "aws_api_gateway_method",
                    "depends_on": [
                        "aws_api_gateway_authorizer.demo_auth",
                        "aws_api_gateway_resource.notes_resource",
                        "aws_api_gateway_rest_api.banter_api"
                    ],
                    "primary": {
                        "id": "agm-bh6vcmt4ag-ch4jbp-POST",
                        "attributes": {
                            "api_key_required": "false",
                            "authorization": "CUSTOM",
                            "authorizer_id": "5h6re6",
                            "http_method": "POST",
                            "id": "agm-bh6vcmt4ag-ch4jbp-POST",
                            "request_models.%": "1",
                            "request_models.application/json": "user",
                            "request_parameters.%": "0",
                            "request_validator_id": "",
                            "resource_id": "ch4jbp",
                            "rest_api_id": "bh6vcmt4ag"
                        },
                        "meta": {},
                        "tainted": false
                    },
                    "deposed": [],
                    "provider": ""
                },
                "aws_api_gateway_method_response.200": {
                    "type": "aws_api_gateway_method_response",
                    "depends_on": [
                        "aws_api_gateway_method.notes_post_method",
                        "aws_api_gateway_resource.notes_resource",
                        "aws_api_gateway_rest_api.banter_api"
                    ],
                    "primary": {
                        "id": "agmr-bh6vcmt4ag-ch4jbp-POST-200",
                        "attributes": {
                            "http_method": "POST",
                            "id": "agmr-bh6vcmt4ag-ch4jbp-POST-200",
                            "resource_id": "ch4jbp",
                            "response_models.%": "0",
                            "response_parameters.%": "0",
                            "rest_api_id": "bh6vcmt4ag",
                            "status_code": "200"
                        },
                        "meta": {},
                        "tainted": false
                    },
                    "deposed": [],
                    "provider": ""
                },
                "aws_api_gateway_model.NoteCreateModel": {
                    "type": "aws_api_gateway_model",
                    "depends_on": [
                        "aws_api_gateway_rest_api.banter_api"
                    ],
                    "primary": {
                        "id": "0gt8px",
                        "attributes": {
                            "content_type": "application/json",
                            "description": "a JSON schema",
                            "id": "0gt8px",
                            "name": "user",
                            "rest_api_id": "bh6vcmt4ag",
                            "schema": "{\n  \"title\": \"Note Create Model\",\n  \"type\" : \"object\",\n  \"properties\" : {\n    \"noteid\" : {\n       \"type\" : \"string\"\n    },\n    \"note\" : {\n      \"type\" : \"string\"\n    }\n   },\n  \"required\" : [\"noteid\", \"note\"]\n}\n"
                        },
                        "meta": {},
                        "tainted": false
                    },
                    "deposed": [],
                    "provider": ""
                },
                "aws_api_gateway_resource.notes_resource": {
                    "type": "aws_api_gateway_resource",
                    "depends_on": [
                        "aws_api_gateway_rest_api.banter_api"
                    ],
                    "primary": {
                        "id": "ch4jbp",
                        "attributes": {
                            "id": "ch4jbp",
                            "parent_id": "u08kak3fql",
                            "path": "/notes",
                            "path_part": "notes",
                            "rest_api_id": "bh6vcmt4ag"
                        },
                        "meta": {},
                        "tainted": false
                    },
                    "deposed": [],
                    "provider": ""
                },
                "aws_api_gateway_rest_api.banter_api": {
                    "type": "aws_api_gateway_rest_api",
                    "depends_on": [],
                    "primary": {
                        "id": "bh6vcmt4ag",
                        "attributes": {
                            "binary_media_types.#": "0",
                            "created_date": "2018-02-21T18:38:58Z",
                            "description": "Description for gateway 1",
                            "id": "bh6vcmt4ag",
                            "name": "BanterDev Api Gateway 1",
                            "root_resource_id": "u08kak3fql"
                        },
                        "meta": {},
                        "tainted": false
                    },
                    "deposed": [],
                    "provider": ""
                },
                "aws_iam_role.get_note_lambda_role": {
                    "type": "aws_iam_role",
                    "depends_on": [],
                    "primary": {
                        "id": "myrole",
                        "attributes": {
                            "arn": "arn:aws:iam::928275755985:role/myrole",
                            "assume_role_policy": "{\"Version\":\"2012-10-17\",\"Statement\":[{\"Sid\":\"\",\"Effect\":\"Allow\",\"Principal\":{\"Service\":\"lambda.amazonaws.com\"},\"Action\":\"sts:AssumeRole\"}]}",
                            "create_date": "2018-02-21T18:38:58Z",
                            "force_detach_policies": "false",
                            "id": "myrole",
                            "name": "myrole",
                            "path": "/",
                            "unique_id": "AROAJ5W54YREXBPGW7QI2"
                        },
                        "meta": {},
                        "tainted": false
                    },
                    "deposed": [],
                    "provider": ""
                },
                "aws_iam_role.invocation_role": {
                    "type": "aws_iam_role",
                    "depends_on": [],
                    "primary": {
                        "id": "api_gateway_auth_invocation",
                        "attributes": {
                            "arn": "arn:aws:iam::928275755985:role/api_gateway_auth_invocation",
                            "assume_role_policy": "{\"Version\":\"2012-10-17\",\"Statement\":[{\"Sid\":\"\",\"Effect\":\"Allow\",\"Principal\":{\"Service\":\"apigateway.amazonaws.com\"},\"Action\":\"sts:AssumeRole\"}]}",
                            "create_date": "2018-02-21T19:11:47Z",
                            "force_detach_policies": "false",
                            "id": "api_gateway_auth_invocation",
                            "name": "api_gateway_auth_invocation",
                            "path": "/",
                            "unique_id": "AROAJZOMXDOMT3SL4ZVPY"
                        },
                        "meta": {},
                        "tainted": false
                    },
                    "deposed": [],
                    "provider": ""
                },
                "aws_iam_role_policy.get_note_lambda_invocation_policy": {
                    "type": "aws_iam_role_policy",
                    "depends_on": [
                        "aws_iam_role.get_note_lambda_role"
                    ],
                    "primary": {
                        "id": "myrole:default",
                        "attributes": {
                            "id": "myrole:default",
                            "name": "default",
                            "policy": "{\n  \"Version\": \"2012-10-17\",\n  \"Statement\": [\n    {\n      \"Action\": \"lambda:InvokeFunction\",\n      \"Effect\": \"Allow\",\n      \"Resource\": \"*\"\n    },\n    {\n      \"Effect\": \"Allow\",\n      \"Action\": [\n        \"logs:CreateLogGroup\",\n        \"logs:CreateLogStream\",\n        \"logs:PutLogEvents\",\n        \"logs:DescribeLogStreams\"\n    ],\n      \"Resource\": [\n        \"arn:aws:logs:*:*:*\"\n    ]\n  }\n  ]\n}\n",
                            "role": "myrole"
                        },
                        "meta": {},
                        "tainted": false
                    },
                    "deposed": [],
                    "provider": ""
                },
                "aws_iam_role_policy.invocation_policy": {
                    "type": "aws_iam_role_policy",
                    "depends_on": [
                        "aws_iam_role.invocation_role"
                    ],
                    "primary": {
                        "id": "api_gateway_auth_invocation:default",
                        "attributes": {
                            "id": "api_gateway_auth_invocation:default",
                            "name": "default",
                            "policy": "{\n  \"Version\": \"2012-10-17\",\n  \"Statement\": [\n    {\n      \"Action\": \"lambda:InvokeFunction\",\n      \"Effect\": \"Allow\",\n      \"Resource\": \"arn:aws:lambda:us-east-1:928275755985:function:cup_authorizer\"\n    },\n    {\n      \"Effect\": \"Allow\",\n      \"Action\": [\n        \"logs:CreateLogGroup\",\n        \"logs:CreateLogStream\",\n        \"logs:PutLogEvents\",\n        \"logs:DescribeLogStreams\"\n    ],\n      \"Resource\": [\n        \"arn:aws:logs:*:*:*\"\n    ]\n  }\n  ]\n}\n",
                            "role": "api_gateway_auth_invocation"
                        },
                        "meta": {},
                        "tainted": false
                    },
                    "deposed": [],
                    "provider": ""
                },
                "aws_lambda_function.get_note_lambda": {
                    "type": "aws_lambda_function",
                    "depends_on": [
                        "aws_iam_role.get_note_lambda_role"
                    ],
                    "primary": {
                        "id": "get_note_lambda_tf",
                        "attributes": {
                            "arn": "arn:aws:lambda:us-east-1:928275755985:function:get_note_lambda_tf",
                            "dead_letter_config.#": "0",
                            "description": "",
                            "environment.#": "0",
                            "filename": "get_note_lambda.zip",
                            "function_name": "get_note_lambda_tf",
                            "handler": "lambda.lambda_handler",
                            "id": "get_note_lambda_tf",
                            "invoke_arn": "arn:aws:apigateway:us-east-1:lambda:path/2015-03-31/functions/arn:aws:lambda:us-east-1:928275755985:function:get_note_lambda_tf/invocations",
                            "kms_key_arn": "",
                            "last_modified": "2018-02-21T20:23:45.451+0000",
                            "memory_size": "128",
                            "publish": "false",
                            "qualified_arn": "arn:aws:lambda:us-east-1:928275755985:function:get_note_lambda_tf:$LATEST",
                            "reserved_concurrent_executions": "0",
                            "role": "arn:aws:iam::928275755985:role/myrole",
                            "runtime": "nodejs4.3",
                            "source_code_hash": "N/GmX4HhSe87vCmvuwYzb5MegVDnxuvSfbyEYO7irCs=",
                            "tags.%": "0",
                            "timeout": "3",
                            "tracing_config.#": "1",
                            "tracing_config.0.mode": "PassThrough",
                            "version": "$LATEST",
                            "vpc_config.#": "0"
                        },
                        "meta": {},
                        "tainted": false
                    },
                    "deposed": [],
                    "provider": ""
                },
                "aws_lambda_permission.apigw_lambda": {
                    "type": "aws_lambda_permission",
                    "depends_on": [
                        "aws_api_gateway_method.notes_post_method",
                        "aws_api_gateway_resource.notes_resource",
                        "aws_api_gateway_rest_api.banter_api",
                        "aws_lambda_function.get_note_lambda"
                    ],
                    "primary": {
                        "id": "AllowExecutionFromAPIGateway",
                        "attributes": {
                            "action": "lambda:InvokeFunction",
                            "function_name": "arn:aws:lambda:us-east-1:928275755985:function:get_note_lambda_tf",
                            "id": "AllowExecutionFromAPIGateway",
                            "principal": "apigateway.amazonaws.com",
                            "qualifier": "",
                            "source_arn": "arn:aws:execute-api:us-east-1:928275755985:bh6vcmt4ag/*/POST/notes",
                            "statement_id": "AllowExecutionFromAPIGateway"
                        },
                        "meta": {},
                        "tainted": false
                    },
                    "deposed": [],
                    "provider": ""
                }
            },
            "depends_on": []
        }
    ]
}
